
Microsoft Visual Studio Solution File, Format Version 12.00
Project("{F2A71F9B-5D33-465A-A702-920D77279786}") = "ConsoleApp4", "ConsoleApp4\ConsoleApp4.fsproj", "{0D10D67B-17EE-411A-9F78-0BF0942C536B}"
EndProject
Project("{F2A71F9B-5D33-465A-A702-920D77279786}") = "PokemonClient", "PokemonClient\PokemonClient.fsproj", "{930661F5-EFDF-4AEB-B0A8-BA5FEF4E9FC2}"
EndProject
Global
	GlobalSection(SolutionConfigurationPlatforms) = preSolution
		Debug|Any CPU = Debug|Any CPU
		Release|Any CPU = Release|Any CPU
	EndGlobalSection
	GlobalSection(ProjectConfigurationPlatforms) = postSolution
		{0D10D67B-17EE-411A-9F78-0BF0942C536B}.Debug|Any CPU.ActiveCfg = Debug|Any CPU
		{0D10D67B-17EE-411A-9F78-0BF0942C536B}.Debug|Any CPU.Build.0 = Debug|Any CPU
		{0D10D67B-17EE-411A-9F78-0BF0942C536B}.Release|Any CPU.ActiveCfg = Release|Any CPU
		{0D10D67B-17EE-411A-9F78-0BF0942C536B}.Release|Any CPU.Build.0 = Release|Any CPU
		{930661F5-EFDF-4AEB-B0A8-BA5FEF4E9FC2}.Debug|Any CPU.ActiveCfg = Debug|Any CPU
		{930661F5-EFDF-4AEB-B0A8-BA5FEF4E9FC2}.Debug|Any CPU.Build.0 = Debug|Any CPU
		{930661F5-EFDF-4AEB-B0A8-BA5FEF4E9FC2}.Release|Any CPU.ActiveCfg = Release|Any CPU
		{930661F5-EFDF-4AEB-B0A8-BA5FEF4E9FC2}.Release|Any CPU.Build.0 = Release|Any CPU
	EndGlobalSection
EndGlobal
