
Microsoft Visual Studio Solution File, Format Version 12.00
Project("{F2A71F9B-5D33-465A-A702-920D77279786}") = "ConsoleApp4", "ConsoleApp4\ConsoleApp4.fsproj", "{0D10D67B-17EE-411A-9F78-0BF0942C536B}"
EndProject
Project("{F2A71F9B-5D33-465A-A702-920D77279786}") = "PokemonClient", "PokemonClient\PokemonClient.fsproj", "{930661F5-EFDF-4AEB-B0A8-BA5FEF4E9FC2}"
EndProject
Project("{F2A71F9B-5D33-465A-A702-920D77279786}") = "MongoRepository", "MongoRepository\MongoRepository.fsproj", "{9CF8A103-C4D4-46A3-98D7-A87037544A5C}"
EndProject
Project("{F2A71F9B-5D33-465A-A702-920D77279786}") = "Actors", "Actors\Actors.fsproj", "{F80DB35E-0343-4F8E-B507-8D947EDAAEA7}"
EndProject
Global
	GlobalSection(SolutionConfigurationPlatforms) = preSolution
		Debug|Any CPU = Debug|Any CPU
		Release|Any CPU = Release|Any CPU
	EndGlobalSection
	GlobalSection(ProjectConfigurationPlatforms) = postSolution
		{0D10D67B-17EE-411A-9F78-0BF0942C536B}.Debug|Any CPU.ActiveCfg = Debug|Any CPU
		{0D10D67B-17EE-411A-9F78-0BF0942C536B}.Debug|Any CPU.Build.0 = Debug|Any CPU
		{0D10D67B-17EE-411A-9F78-0BF0942C536B}.Release|Any CPU.ActiveCfg = Release|Any CPU
		{0D10D67B-17EE-411A-9F78-0BF0942C536B}.Release|Any CPU.Build.0 = Release|Any CPU
		{930661F5-EFDF-4AEB-B0A8-BA5FEF4E9FC2}.Debug|Any CPU.ActiveCfg = Debug|Any CPU
		{930661F5-EFDF-4AEB-B0A8-BA5FEF4E9FC2}.Debug|Any CPU.Build.0 = Debug|Any CPU
		{930661F5-EFDF-4AEB-B0A8-BA5FEF4E9FC2}.Release|Any CPU.ActiveCfg = Release|Any CPU
		{930661F5-EFDF-4AEB-B0A8-BA5FEF4E9FC2}.Release|Any CPU.Build.0 = Release|Any CPU
		{9CF8A103-C4D4-46A3-98D7-A87037544A5C}.Debug|Any CPU.ActiveCfg = Debug|Any CPU
		{9CF8A103-C4D4-46A3-98D7-A87037544A5C}.Debug|Any CPU.Build.0 = Debug|Any CPU
		{9CF8A103-C4D4-46A3-98D7-A87037544A5C}.Release|Any CPU.ActiveCfg = Release|Any CPU
		{9CF8A103-C4D4-46A3-98D7-A87037544A5C}.Release|Any CPU.Build.0 = Release|Any CPU
		{F80DB35E-0343-4F8E-B507-8D947EDAAEA7}.Debug|Any CPU.ActiveCfg = Debug|Any CPU
		{F80DB35E-0343-4F8E-B507-8D947EDAAEA7}.Debug|Any CPU.Build.0 = Debug|Any CPU
		{F80DB35E-0343-4F8E-B507-8D947EDAAEA7}.Release|Any CPU.ActiveCfg = Release|Any CPU
		{F80DB35E-0343-4F8E-B507-8D947EDAAEA7}.Release|Any CPU.Build.0 = Release|Any CPU
	EndGlobalSection
EndGlobal
